
Microsoft Visual Studio Solution File, Format Version 12.00
# Visual Studio Version 16
VisualStudioVersion = 16.0.30104.148
MinimumVisualStudioVersion = 10.0.40219.1
Project("{FAE04EC0-301F-11D3-BF4B-00C04F79EFBC}") = "fruit2.Module", "fruit2.Module\fruit2.Module.csproj", "{67D26205-B272-428C-87B0-443FFF156D00}"
EndProject
Project("{FAE04EC0-301F-11D3-BF4B-00C04F79EFBC}") = "fruit2.Module.Win", "fruit2.Module.Win\fruit2.Module.Win.csproj", "{D37951D5-26C9-4AEA-B9E5-50C0D565011F}"
EndProject
Project("{FAE04EC0-301F-11D3-BF4B-00C04F79EFBC}") = "fruit2.Win", "fruit2.Win\fruit2.Win.csproj", "{7CA367EC-6DAF-4170-AD7F-E936B86CE834}"
EndProject
Global
	GlobalSection(SolutionConfigurationPlatforms) = preSolution
		Debug|Any CPU = Debug|Any CPU
		EasyTest|Any CPU = EasyTest|Any CPU
		Release|Any CPU = Release|Any CPU
	EndGlobalSection
	GlobalSection(ProjectConfigurationPlatforms) = postSolution
		{67D26205-B272-428C-87B0-443FFF156D00}.Debug|Any CPU.ActiveCfg = Debug|Any CPU
		{67D26205-B272-428C-87B0-443FFF156D00}.Debug|Any CPU.Build.0 = Debug|Any CPU
		{67D26205-B272-428C-87B0-443FFF156D00}.EasyTest|Any CPU.ActiveCfg = Release|Any CPU
		{67D26205-B272-428C-87B0-443FFF156D00}.EasyTest|Any CPU.Build.0 = Release|Any CPU
		{67D26205-B272-428C-87B0-443FFF156D00}.Release|Any CPU.ActiveCfg = Release|Any CPU
		{67D26205-B272-428C-87B0-443FFF156D00}.Release|Any CPU.Build.0 = Release|Any CPU
		{D37951D5-26C9-4AEA-B9E5-50C0D565011F}.Debug|Any CPU.ActiveCfg = Debug|Any CPU
		{D37951D5-26C9-4AEA-B9E5-50C0D565011F}.Debug|Any CPU.Build.0 = Debug|Any CPU
		{D37951D5-26C9-4AEA-B9E5-50C0D565011F}.EasyTest|Any CPU.ActiveCfg = EasyTest|Any CPU
		{D37951D5-26C9-4AEA-B9E5-50C0D565011F}.EasyTest|Any CPU.Build.0 = EasyTest|Any CPU
		{D37951D5-26C9-4AEA-B9E5-50C0D565011F}.Release|Any CPU.ActiveCfg = Release|Any CPU
		{D37951D5-26C9-4AEA-B9E5-50C0D565011F}.Release|Any CPU.Build.0 = Release|Any CPU
		{7CA367EC-6DAF-4170-AD7F-E936B86CE834}.Debug|Any CPU.ActiveCfg = Debug|Any CPU
		{7CA367EC-6DAF-4170-AD7F-E936B86CE834}.Debug|Any CPU.Build.0 = Debug|Any CPU
		{7CA367EC-6DAF-4170-AD7F-E936B86CE834}.EasyTest|Any CPU.ActiveCfg = EasyTest|Any CPU
		{7CA367EC-6DAF-4170-AD7F-E936B86CE834}.EasyTest|Any CPU.Build.0 = EasyTest|Any CPU
		{7CA367EC-6DAF-4170-AD7F-E936B86CE834}.Release|Any CPU.ActiveCfg = Release|Any CPU
		{7CA367EC-6DAF-4170-AD7F-E936B86CE834}.Release|Any CPU.Build.0 = Release|Any CPU
	EndGlobalSection
	GlobalSection(SolutionProperties) = preSolution
		HideSolutionNode = FALSE
	EndGlobalSection
	GlobalSection(ExtensibilityGlobals) = postSolution
		SolutionGuid = {46A14710-5E59-49EB-B6CA-65CC9CA1C78F}
	EndGlobalSection
EndGlobal
